
Microsoft Visual Studio Solution File, Format Version 12.00
# Visual Studio 15
Project("{FAE04EC0-301F-11D3-BF4B-00C04F79EFBC}") = "Assembly-CSharp", "Assembly-CSharp.csproj", "{DC8B4D68-C19E-0A41-7EBA-2A2466544078}"
EndProject
Global
	GlobalSection(SolutionConfigurationPlatforms) = preSolution
		Debug|Any CPU = Debug|Any CPU
		Release|Any CPU = Release|Any CPU
	EndGlobalSection
	GlobalSection(ProjectConfigurationPlatforms) = postSolution
		{DC8B4D68-C19E-0A41-7EBA-2A2466544078}.Debug|Any CPU.ActiveCfg = Debug|Any CPU
		{DC8B4D68-C19E-0A41-7EBA-2A2466544078}.Debug|Any CPU.Build.0 = Debug|Any CPU
		{DC8B4D68-C19E-0A41-7EBA-2A2466544078}.Release|Any CPU.ActiveCfg = Release|Any CPU
		{DC8B4D68-C19E-0A41-7EBA-2A2466544078}.Release|Any CPU.Build.0 = Release|Any CPU
	EndGlobalSection
	GlobalSection(SolutionProperties) = preSolution
		HideSolutionNode = FALSE
	EndGlobalSection
EndGlobal
